// !$*UTF8*$!
{
	archiveVersion = 1;
	classes = {
	};
	objectVersion = 46;
	objects = {

/* Begin PBXBuildFile section */
		38B0C5D61A38E3D300D579AF /* AppDelegate.swift in Sources */ = {isa = PBXBuildFile; fileRef = 38B0C5D51A38E3D300D579AF /* AppDelegate.swift */; };
		38B0C5D81A38E3D300D579AF /* ViewController.swift in Sources */ = {isa = PBXBuildFile; fileRef = 38B0C5D71A38E3D300D579AF /* ViewController.swift */; };
		38B0C5DB1A38E3D300D579AF /* Main.storyboard in Resources */ = {isa = PBXBuildFile; fileRef = 38B0C5D91A38E3D300D579AF /* Main.storyboard */; };
		38B0C5DD1A38E3D300D579AF /* Images.xcassets in Resources */ = {isa = PBXBuildFile; fileRef = 38B0C5DC1A38E3D300D579AF /* Images.xcassets */; };
		38B0C5E01A38E3D300D579AF /* LaunchScreen.xib in Resources */ = {isa = PBXBuildFile; fileRef = 38B0C5DE1A38E3D300D579AF /* LaunchScreen.xib */; };
		38B0C5EC1A38E3D300D579AF /* SearchListTests.swift in Sources */ = {isa = PBXBuildFile; fileRef = 38B0C5EB1A38E3D300D579AF /* SearchListTests.swift */; };
/* End PBXBuildFile section */

/* Begin PBXContainerItemProxy section */
		38B0C5E61A38E3D300D579AF /* PBXContainerItemProxy */ = {
			isa = PBXContainerItemProxy;
			containerPortal = 38B0C5C81A38E3D300D579AF /* Project object */;
			proxyType = 1;
			remoteGlobalIDString = 38B0C5CF1A38E3D300D579AF;
			remoteInfo = SearchList;
		};
/* End PBXContainerItemProxy section */

/* Begin PBXFileReference section */
		38B0C5D01A38E3D300D579AF /* SearchList.app */ = {isa = PBXFileReference; explicitFileType = wrapper.application; includeInIndex = 0; path = SearchList.app; sourceTree = BUILT_PRODUCTS_DIR; };
		38B0C5D41A38E3D300D579AF /* Info.plist */ = {isa = PBXFileReference; lastKnownFileType = text.plist.xml; path = Info.plist; sourceTree = "<group>"; };
		38B0C5D51A38E3D300D579AF /* AppDelegate.swift */ = {isa = PBXFileReference; lastKnownFileType = sourcecode.swift; path = AppDelegate.swift; sourceTree = "<group>"; };
		38B0C5D71A38E3D300D579AF /* ViewController.swift */ = {isa = PBXFileReference; lastKnownFileType = sourcecode.swift; path = ViewController.swift; sourceTree = "<group>"; };
		38B0C5DA1A38E3D300D579AF /* Base */ = {isa = PBXFileReference; lastKnownFileType = file.storyboard; name = Base; path = Base.lproj/Main.storyboard; sourceTree = "<group>"; };
		38B0C5DC1A38E3D300D579AF /* Images.xcassets */ = {isa = PBXFileReference; lastKnownFileType = folder.assetcatalog; path = Images.xcassets; sourceTree = "<group>"; };
		38B0C5DF1A38E3D300D579AF /* Base */ = {isa = PBXFileReference; lastKnownFileType = file.xib; name = Base; path = Base.lproj/LaunchScreen.xib; sourceTree = "<group>"; };
		38B0C5E51A38E3D300D579AF /* SearchListTests.xctest */ = {isa = PBXFileReference; explicitFileType = wrapper.cfbundle; includeInIndex = 0; path = SearchListTests.xctest; sourceTree = BUILT_PRODUCTS_DIR; };
		38B0C5EA1A38E3D300D579AF /* Info.plist */ = {isa = PBXFileReference; lastKnownFileType = text.plist.xml; path = Info.plist; sourceTree = "<group>"; };
		38B0C5EB1A38E3D300D579AF /* SearchListTests.swift */ = {isa = PBXFileReference; lastKnownFileType = sourcecode.swift; path = SearchListTests.swift; sourceTree = "<group>"; };
/* End PBXFileReference section */

/* Begin PBXFrameworksBuildPhase section */
		38B0C5CD1A38E3D300D579AF /* Frameworks */ = {
			isa = PBXFrameworksBuildPhase;
			buildActionMask = 2147483647;
			files = (
			);
			runOnlyForDeploymentPostprocessing = 0;
		};
		38B0C5E21A38E3D300D579AF /* Frameworks */ = {
			isa = PBXFrameworksBuildPhase;
			buildActionMask = 2147483647;
			files = (
			);
			runOnlyForDeploymentPostprocessing = 0;
		};
/* End PBXFrameworksBuildPhase section */

/* Begin PBXGroup section */
		38B0C5C71A38E3D300D579AF = {
			isa = PBXGroup;
			children = (
				38B0C5D21A38E3D300D579AF /* SearchList */,
				38B0C5E81A38E3D300D579AF /* SearchListTests */,
				38B0C5D11A38E3D300D579AF /* Products */,
			);
			sourceTree = "<group>";
		};
		38B0C5D11A38E3D300D579AF /* Products */ = {
			isa = PBXGroup;
			children = (
				38B0C5D01A38E3D300D579AF /* SearchList.app */,
				38B0C5E51A38E3D300D579AF /* SearchListTests.xctest */,
			);
			name = Products;
			sourceTree = "<group>";
		};
		38B0C5D21A38E3D300D579AF /* SearchList */ = {
			isa = PBXGroup;
			children = (
				38B0C5D51A38E3D300D579AF /* AppDelegate.swift */,
				38B0C5D71A38E3D300D579AF /* ViewController.swift */,
				38B0C5D91A38E3D300D579AF /* Main.storyboard */,
				38B0C5DC1A38E3D300D579AF /* Images.xcassets */,
				38B0C5DE1A38E3D300D579AF /* LaunchScreen.xib */,
				38B0C5D31A38E3D300D579AF /* Supporting Files */,
			);
			path = SearchList;
			sourceTree = "<group>";
		};
		38B0C5D31A38E3D300D579AF /* Supporting Files */ = {
			isa = PBXGroup;
			children = (
				38B0C5D41A38E3D300D579AF /* Info.plist */,
			);
			name = "Supporting Files";
			sourceTree = "<group>";
		};
		38B0C5E81A38E3D300D579AF /* SearchListTests */ = {
			isa = PBXGroup;
			children = (
				38B0C5EB1A38E3D300D579AF /* SearchListTests.swift */,
				38B0C5E91A38E3D300D579AF /* Supporting Files */,
			);
			path = SearchListTests;
			sourceTree = "<group>";
		};
		38B0C5E91A38E3D300D579AF /* Supporting Files */ = {
			isa = PBXGroup;
			children = (
				38B0C5EA1A38E3D300D579AF /* Info.plist */,
			);
			name = "Supporting Files";
			sourceTree = "<group>";
		};
/* End PBXGroup section */

/* Begin PBXNativeTarget section */
		38B0C5CF1A38E3D300D579AF /* SearchList */ = {
			isa = PBXNativeTarget;
			buildConfigurationList = 38B0C5EF1A38E3D300D579AF /* Build configuration list for PBXNativeTarget "SearchList" */;
			buildPhases = (
				38B0C5CC1A38E3D300D579AF /* Sources */,
				38B0C5CD1A38E3D300D579AF /* Frameworks */,
				38B0C5CE1A38E3D300D579AF /* Resources */,
			);
			buildRules = (
			);
			dependencies = (
			);
			name = SearchList;
			productName = SearchList;
			productReference = 38B0C5D01A38E3D300D579AF /* SearchList.app */;
			productType = "com.apple.product-type.application";
		};
		38B0C5E41A38E3D300D579AF /* SearchListTests */ = {
			isa = PBXNativeTarget;
			buildConfigurationList = 38B0C5F21A38E3D300D579AF /* Build configuration list for PBXNativeTarget "SearchListTests" */;
			buildPhases = (
				38B0C5E11A38E3D300D579AF /* Sources */,
				38B0C5E21A38E3D300D579AF /* Frameworks */,
				38B0C5E31A38E3D300D579AF /* Resources */,
			);
			buildRules = (
			);
			dependencies = (
				38B0C5E71A38E3D300D579AF /* PBXTargetDependency */,
			);
			name = SearchListTests;
			productName = SearchListTests;
			productReference = 38B0C5E51A38E3D300D579AF /* SearchListTests.xctest */;
			productType = "com.apple.product-type.bundle.unit-test";
		};
/* End PBXNativeTarget section */

/* Begin PBXProject section */
		38B0C5C81A38E3D300D579AF /* Project object */ = {
			isa = PBXProject;
			attributes = {
				LastUpgradeCheck = 0610;
				ORGANIZATIONNAME = "Worth Baker";
				TargetAttributes = {
					38B0C5CF1A38E3D300D579AF = {
						CreatedOnToolsVersion = 6.1.1;
					};
					38B0C5E41A38E3D300D579AF = {
						CreatedOnToolsVersion = 6.1.1;
						TestTargetID = 38B0C5CF1A38E3D300D579AF;
					};
				};
			};
			buildConfigurationList = 38B0C5CB1A38E3D300D579AF /* Build configuration list for PBXProject "SearchList" */;
			compatibilityVersion = "Xcode 3.2";
			developmentRegion = English;
			hasScannedForEncodings = 0;
			knownRegions = (
				en,
				Base,
			);
			mainGroup = 38B0C5C71A38E3D300D579AF;
			productRefGroup = 38B0C5D11A38E3D300D579AF /* Products */;
			projectDirPath = "";
			projectRoot = "";
			targets = (
				38B0C5CF1A38E3D300D579AF /* SearchList */,
				38B0C5E41A38E3D300D579AF /* SearchListTests */,
			);
		};
/* End PBXProject section */

/* Begin PBXResourcesBuildPhase section */
		38B0C5CE1A38E3D300D579AF /* Resources */ = {
			isa = PBXResourcesBuildPhase;
			buildActionMask = 2147483647;
			files = (
				38B0C5DB1A38E3D300D579AF /* Main.storyboard in Resources */,
				38B0C5E01A38E3D300D579AF /* LaunchScreen.xib in Resources */,
				38B0C5DD1A38E3D300D579AF /* Images.xcassets in Resources */,
			);
			runOnlyForDeploymentPostprocessing = 0;
		};
		38B0C5E31A38E3D300D579AF /* Resources */ = {
			isa = PBXResourcesBuildPhase;
			buildActionMask = 2147483647;
			files = (
			);
			runOnlyForDeploymentPostprocessing = 0;
		};
/* End PBXResourcesBuildPhase section */

/* Begin PBXSourcesBuildPhase section */
		38B0C5CC1A38E3D300D579AF /* Sources */ = {
			isa = PBXSourcesBuildPhase;
			buildActionMask = 2147483647;
			files = (
				38B0C5D81A38E3D300D579AF /* ViewController.swift in Sources */,
				38B0C5D61A38E3D300D579AF /* AppDelegate.swift in Sources */,
			);
			runOnlyForDeploymentPostprocessing = 0;
		};
		38B0C5E11A38E3D300D579AF /* Sources */ = {
			isa = PBXSourcesBuildPhase;
			buildActionMask = 2147483647;
			files = (
				38B0C5EC1A38E3D300D579AF /* SearchListTests.swift in Sources */,
			);
			runOnlyForDeploymentPostprocessing = 0;
		};
/* End PBXSourcesBuildPhase section */

/* Begin PBXTargetDependency section */
		38B0C5E71A38E3D300D579AF /* PBXTargetDependency */ = {
			isa = PBXTargetDependency;
			target = 38B0C5CF1A38E3D300D579AF /* SearchList */;
			targetProxy = 38B0C5E61A38E3D300D579AF /* PBXContainerItemProxy */;
		};
/* End PBXTargetDependency section */

/* Begin PBXVariantGroup section */
		38B0C5D91A38E3D300D579AF /* Main.storyboard */ = {
			isa = PBXVariantGroup;
			children = (
				38B0C5DA1A38E3D300D579AF /* Base */,
			);
			name = Main.storyboard;
			sourceTree = "<group>";
		};
		38B0C5DE1A38E3D300D579AF /* LaunchScreen.xib */ = {
			isa = PBXVariantGroup;
			children = (
				38B0C5DF1A38E3D300D579AF /* Base */,
			);
			name = LaunchScreen.xib;
			sourceTree = "<group>";
		};
/* End PBXVariantGroup section */

/* Begin XCBuildConfiguration section */
		38B0C5ED1A38E3D300D579AF /* Debug */ = {
			isa = XCBuildConfiguration;
			buildSettings = {
				ALWAYS_SEARCH_USER_PATHS = NO;
				CLANG_CXX_LANGUAGE_STANDARD = "gnu++0x";
				CLANG_CXX_LIBRARY = "libc++";
				CLANG_ENABLE_MODULES = YES;
				CLANG_ENABLE_OBJC_ARC = YES;
				CLANG_WARN_BOOL_CONVERSION = YES;
				CLANG_WARN_CONSTANT_CONVERSION = YES;
				CLANG_WARN_DIRECT_OBJC_ISA_USAGE = YES_ERROR;
				CLANG_WARN_EMPTY_BODY = YES;
				CLANG_WARN_ENUM_CONVERSION = YES;
				CLANG_WARN_INT_CONVERSION = YES;
				CLANG_WARN_OBJC_ROOT_CLASS = YES_ERROR;
				CLANG_WARN_UNREACHABLE_CODE = YES;
				CLANG_WARN__DUPLICATE_METHOD_MATCH = YES;
				"CODE_SIGN_IDENTITY[sdk=iphoneos*]" = "iPhone Developer";
				COPY_PHASE_STRIP = NO;
				ENABLE_STRICT_OBJC_MSGSEND = YES;
				GCC_C_LANGUAGE_STANDARD = gnu99;
				GCC_DYNAMIC_NO_PIC = NO;
				GCC_OPTIMIZATION_LEVEL = 0;
				GCC_PREPROCESSOR_DEFINITIONS = (
					"DEBUG=1",
					"$(inherited)",
				);
				GCC_SYMBOLS_PRIVATE_EXTERN = NO;
				GCC_WARN_64_TO_32_BIT_CONVERSION = YES;
				GCC_WARN_ABOUT_RETURN_TYPE = YES_ERROR;
				GCC_WARN_UNDECLARED_SELECTOR = YES;
				GCC_WARN_UNINITIALIZED_AUTOS = YES_AGGRESSIVE;
				GCC_WARN_UNUSED_FUNCTION = YES;
				GCC_WARN_UNUSED_VARIABLE = YES;
				IPHONEOS_DEPLOYMENT_TARGET = 8.1;
				MTL_ENABLE_DEBUG_INFO = YES;
				ONLY_ACTIVE_ARCH = YES;
				SDKROOT = iphoneos;
				SWIFT_OPTIMIZATION_LEVEL = "-Onone";
			};
			name = Debug;
		};
		38B0C5EE1A38E3D300D579AF /* Release */ = {
			isa = XCBuildConfiguration;
			buildSettings = {
				ALWAYS_SEARCH_USER_PATHS = NO;
				CLANG_CXX_LANGUAGE_STANDARD = "gnu++0x";
				CLANG_CXX_LIBRARY = "libc++";
				CLANG_ENABLE_MODULES = YES;
				CLANG_ENABLE_OBJC_ARC = YES;
				CLANG_WARN_BOOL_CONVERSION = YES;
				CLANG_WARN_CONSTANT_CONVERSION = YES;
				CLANG_WARN_DIRECT_OBJC_ISA_USAGE = YES_ERROR;
				CLANG_WARN_EMPTY_BODY = YES;
				CLANG_WARN_ENUM_CONVERSION = YES;
				CLANG_WARN_INT_CONVERSION = YES;
				CLANG_WARN_OBJC_ROOT_CLASS = YES_ERROR;
				CLANG_WARN_UNREACHABLE_CODE = YES;
				CLANG_WARN__DUPLICATE_METHOD_MATCH = YES;
				"CODE_SIGN_IDENTITY[sdk=iphoneos*]" = "iPhone Developer";
				COPY_PHASE_STRIP = YES;
				ENABLE_NS_ASSERTIONS = NO;
				ENABLE_STRICT_OBJC_MSGSEND = YES;
				GCC_C_LANGUAGE_STANDARD = gnu99;
				GCC_WARN_64_TO_32_BIT_CONVERSION = YES;
				GCC_WARN_ABOUT_RETURN_TYPE = YES_ERROR;
				GCC_WARN_UNDECLARED_SELECTOR = YES;
				GCC_WARN_UNINITIALIZED_AUTOS = YES_AGGRESSIVE;
				GCC_WARN_UNUSED_FUNCTION = YES;
				GCC_WARN_UNUSED_VARIABLE = YES;
				IPHONEOS_DEPLOYMENT_TARGET = 8.1;
				MTL_ENABLE_DEBUG_INFO = NO;
				SDKROOT = iphoneos;
				VALIDATE_PRODUCT = YES;
			};
			name = Release;
		};
		38B0C5F01A38E3D300D579AF /* Debug */ = {
			isa = XCBuildConfiguration;
			buildSettings = {
				ASSETCATALOG_COMPILER_APPICON_NAME = AppIcon;
				INFOPLIST_FILE = SearchList/Info.plist;
				LD_RUNPATH_SEARCH_PATHS = "$(inherited) @executable_path/Frameworks";
				PRODUCT_NAME = "$(TARGET_NAME)";
			};
			name = Debug;
		};
		38B0C5F11A38E3D300D579AF /* Release */ = {
			isa = XCBuildConfiguration;
			buildSettings = {
				ASSETCATALOG_COMPILER_APPICON_NAME = AppIcon;
				INFOPLIST_FILE = SearchList/Info.plist;
				LD_RUNPATH_SEARCH_PATHS = "$(inherited) @executable_path/Frameworks";
				PRODUCT_NAME = "$(TARGET_NAME)";
			};
			name = Release;
		};
		38B0C5F31A38E3D300D579AF /* Debug */ = {
			isa = XCBuildConfiguration;
			buildSettings = {
				BUNDLE_LOADER = "$(TEST_HOST)";
				FRAMEWORK_SEARCH_PATHS = (
					"$(SDKROOT)/Developer/Library/Frameworks",
					"$(inherited)",
				);
				GCC_PREPROCESSOR_DEFINITIONS = (
					"DEBUG=1",
					"$(inherited)",
				);
				INFOPLIST_FILE = SearchListTests/Info.plist;
				LD_RUNPATH_SEARCH_PATHS = "$(inherited) @executable_path/Frameworks @loader_path/Frameworks";
				PRODUCT_NAME = "$(TARGET_NAME)";
				TEST_HOST = "$(BUILT_PRODUCTS_DIR)/SearchList.app/SearchList";
			};
			name = Debug;
		};
		38B0C5F41A38E3D300D579AF /* Release */ = {
			isa = XCBuildConfiguration;
			buildSettings = {
				BUNDLE_LOADER = "$(TEST_HOST)";
				FRAMEWORK_SEARCH_PATHS = (
					"$(SDKROOT)/Developer/Library/Frameworks",
					"$(inherited)",
				);
				INFOPLIST_FILE = SearchListTests/Info.plist;
				LD_RUNPATH_SEARCH_PATHS = "$(inherited) @executable_path/Frameworks @loader_path/Frameworks";
				PRODUCT_NAME = "$(TARGET_NAME)";
				TEST_HOST = "$(BUILT_PRODUCTS_DIR)/SearchList.app/SearchList";
			};
			name = Release;
		};
/* End XCBuildConfiguration section */

/* Begin XCConfigurationList section */
		38B0C5CB1A38E3D300D579AF /* Build configuration list for PBXProject "SearchList" */ = {
			isa = XCConfigurationList;
			buildConfigurations = (
				38B0C5ED1A38E3D300D579AF /* Debug */,
				38B0C5EE1A38E3D300D579AF /* Release */,
			);
			defaultConfigurationIsVisible = 0;
			defaultConfigurationName = Release;
		};
		38B0C5EF1A38E3D300D579AF /* Build configuration list for PBXNativeTarget "SearchList" */ = {
			isa = XCConfigurationList;
			buildConfigurations = (
				38B0C5F01A38E3D300D579AF /* Debug */,
				38B0C5F11A38E3D300D579AF /* Release */,
			);
			defaultConfigurationIsVisible = 0;
		};
		38B0C5F21A38E3D300D579AF /* Build configuration list for PBXNativeTarget "SearchListTests" */ = {
			isa = XCConfigurationList;
			buildConfigurations = (
				38B0C5F31A38E3D300D579AF /* Debug */,
				38B0C5F41A38E3D300D579AF /* Release */,
			);
			defaultConfigurationIsVisible = 0;
		};
/* End XCConfigurationList section */
	};
	rootObject = 38B0C5C81A38E3D300D579AF /* Project object */;
}
